
Microsoft Visual Studio Solution File, Format Version 12.00
# Visual Studio Version 16
VisualStudioVersion = 16.0.31129.286
MinimumVisualStudioVersion = 10.0.40219.1
Project("{FAE04EC0-301F-11D3-BF4B-00C04F79EFBC}") = "Server", "Server\Server.csproj", "{795FDDEF-5CCF-47C0-9B8D-9BE21F27E585}"
EndProject
Project("{FAE04EC0-301F-11D3-BF4B-00C04F79EFBC}") = "Client", "Client\Client.csproj", "{70893AEE-EE00-4973-A9D2-8F4C94C8E5E0}"
EndProject
Global
	GlobalSection(SolutionConfigurationPlatforms) = preSolution
		Debug|Any CPU = Debug|Any CPU
		Release|Any CPU = Release|Any CPU
	EndGlobalSection
	GlobalSection(ProjectConfigurationPlatforms) = postSolution
		{795FDDEF-5CCF-47C0-9B8D-9BE21F27E585}.Debug|Any CPU.ActiveCfg = Debug|Any CPU
		{795FDDEF-5CCF-47C0-9B8D-9BE21F27E585}.Debug|Any CPU.Build.0 = Debug|Any CPU
		{795FDDEF-5CCF-47C0-9B8D-9BE21F27E585}.Release|Any CPU.ActiveCfg = Release|Any CPU
		{795FDDEF-5CCF-47C0-9B8D-9BE21F27E585}.Release|Any CPU.Build.0 = Release|Any CPU
		{70893AEE-EE00-4973-A9D2-8F4C94C8E5E0}.Debug|Any CPU.ActiveCfg = Debug|Any CPU
		{70893AEE-EE00-4973-A9D2-8F4C94C8E5E0}.Debug|Any CPU.Build.0 = Debug|Any CPU
		{70893AEE-EE00-4973-A9D2-8F4C94C8E5E0}.Release|Any CPU.ActiveCfg = Release|Any CPU
		{70893AEE-EE00-4973-A9D2-8F4C94C8E5E0}.Release|Any CPU.Build.0 = Release|Any CPU
	EndGlobalSection
	GlobalSection(SolutionProperties) = preSolution
		HideSolutionNode = FALSE
	EndGlobalSection
	GlobalSection(ExtensibilityGlobals) = postSolution
		SolutionGuid = {FC525D2C-0856-446C-B875-01EF7D0CD2DA}
	EndGlobalSection
EndGlobal
